
Microsoft Visual Studio Solution File, Format Version 12.00
# Visual Studio Version 17
VisualStudioVersion = 17.6.33723.286
MinimumVisualStudioVersion = 10.0.40219.1
Project("{FAE04EC0-301F-11D3-BF4B-00C04F79EFBC}") = "LAB_10.1", "LAB_10.1.csproj", "{0FE26074-65AC-4CBA-A36F-607EC99611AE}"
EndProject
Global
	GlobalSection(SolutionConfigurationPlatforms) = preSolution
		Debug|Any CPU = Debug|Any CPU
		Release|Any CPU = Release|Any CPU
	EndGlobalSection
	GlobalSection(ProjectConfigurationPlatforms) = postSolution
		{0FE26074-65AC-4CBA-A36F-607EC99611AE}.Debug|Any CPU.ActiveCfg = Debug|Any CPU
		{0FE26074-65AC-4CBA-A36F-607EC99611AE}.Debug|Any CPU.Build.0 = Debug|Any CPU
		{0FE26074-65AC-4CBA-A36F-607EC99611AE}.Release|Any CPU.ActiveCfg = Release|Any CPU
		{0FE26074-65AC-4CBA-A36F-607EC99611AE}.Release|Any CPU.Build.0 = Release|Any CPU
	EndGlobalSection
	GlobalSection(SolutionProperties) = preSolution
		HideSolutionNode = FALSE
	EndGlobalSection
	GlobalSection(ExtensibilityGlobals) = postSolution
		SolutionGuid = {194D2CCA-8043-4A1D-B886-CFE1D777B008}
	EndGlobalSection
EndGlobal
