
Microsoft Visual Studio Solution File, Format Version 12.00
# Visual Studio Version 17
VisualStudioVersion = 17.6.33723.286
MinimumVisualStudioVersion = 10.0.40219.1
Project("{FAE04EC0-301F-11D3-BF4B-00C04F79EFBC}") = "LAB_8.1", "LAB_8.1.csproj", "{0674B823-25A4-4314-AC5F-948A1E27B714}"
EndProject
Global
	GlobalSection(SolutionConfigurationPlatforms) = preSolution
		Debug|Any CPU = Debug|Any CPU
		Release|Any CPU = Release|Any CPU
	EndGlobalSection
	GlobalSection(ProjectConfigurationPlatforms) = postSolution
		{0674B823-25A4-4314-AC5F-948A1E27B714}.Debug|Any CPU.ActiveCfg = Debug|Any CPU
		{0674B823-25A4-4314-AC5F-948A1E27B714}.Debug|Any CPU.Build.0 = Debug|Any CPU
		{0674B823-25A4-4314-AC5F-948A1E27B714}.Release|Any CPU.ActiveCfg = Release|Any CPU
		{0674B823-25A4-4314-AC5F-948A1E27B714}.Release|Any CPU.Build.0 = Release|Any CPU
	EndGlobalSection
	GlobalSection(SolutionProperties) = preSolution
		HideSolutionNode = FALSE
	EndGlobalSection
	GlobalSection(ExtensibilityGlobals) = postSolution
		SolutionGuid = {5AE05DB3-9B22-47C3-9723-6A1F1E4B26CC}
	EndGlobalSection
EndGlobal
