
Microsoft Visual Studio Solution File, Format Version 12.00
# Visual Studio Version 17
VisualStudioVersion = 17.5.33627.172
MinimumVisualStudioVersion = 10.0.40219.1
Project("{9A19103F-16F7-4668-BE54-9A1E7A4F7556}") = "LAB_7", "LAB_7.csproj", "{24AE7539-305C-4D95-B39C-FDE7B4BC28F1}"
EndProject
Project("{FAE04EC0-301F-11D3-BF4B-00C04F79EFBC}") = "DES", "DES\DES.csproj", "{D077CF3C-34C8-49B8-86F3-9420CABE28F2}"
EndProject
Global
	GlobalSection(SolutionConfigurationPlatforms) = preSolution
		Debug|Any CPU = Debug|Any CPU
		Release|Any CPU = Release|Any CPU
	EndGlobalSection
	GlobalSection(ProjectConfigurationPlatforms) = postSolution
		{24AE7539-305C-4D95-B39C-FDE7B4BC28F1}.Debug|Any CPU.ActiveCfg = Debug|Any CPU
		{24AE7539-305C-4D95-B39C-FDE7B4BC28F1}.Debug|Any CPU.Build.0 = Debug|Any CPU
		{24AE7539-305C-4D95-B39C-FDE7B4BC28F1}.Release|Any CPU.ActiveCfg = Release|Any CPU
		{24AE7539-305C-4D95-B39C-FDE7B4BC28F1}.Release|Any CPU.Build.0 = Release|Any CPU
		{D077CF3C-34C8-49B8-86F3-9420CABE28F2}.Debug|Any CPU.ActiveCfg = Debug|Any CPU
		{D077CF3C-34C8-49B8-86F3-9420CABE28F2}.Debug|Any CPU.Build.0 = Debug|Any CPU
		{D077CF3C-34C8-49B8-86F3-9420CABE28F2}.Release|Any CPU.ActiveCfg = Release|Any CPU
		{D077CF3C-34C8-49B8-86F3-9420CABE28F2}.Release|Any CPU.Build.0 = Release|Any CPU
	EndGlobalSection
	GlobalSection(SolutionProperties) = preSolution
		HideSolutionNode = FALSE
	EndGlobalSection
	GlobalSection(ExtensibilityGlobals) = postSolution
		SolutionGuid = {CCAC07FD-DDCB-4AC9-B09B-5D259E010A00}
	EndGlobalSection
EndGlobal
