
Microsoft Visual Studio Solution File, Format Version 12.00
# Visual Studio Version 17
VisualStudioVersion = 17.6.33815.320
MinimumVisualStudioVersion = 10.0.40219.1
Project("{FAE04EC0-301F-11D3-BF4B-00C04F79EFBC}") = "LAB_13", "LAB_13.csproj", "{95799B61-7D94-4BA0-BC02-59CBCF82E736}"
EndProject
Global
	GlobalSection(SolutionConfigurationPlatforms) = preSolution
		Debug|Any CPU = Debug|Any CPU
		Release|Any CPU = Release|Any CPU
	EndGlobalSection
	GlobalSection(ProjectConfigurationPlatforms) = postSolution
		{95799B61-7D94-4BA0-BC02-59CBCF82E736}.Debug|Any CPU.ActiveCfg = Debug|Any CPU
		{95799B61-7D94-4BA0-BC02-59CBCF82E736}.Debug|Any CPU.Build.0 = Debug|Any CPU
		{95799B61-7D94-4BA0-BC02-59CBCF82E736}.Release|Any CPU.ActiveCfg = Release|Any CPU
		{95799B61-7D94-4BA0-BC02-59CBCF82E736}.Release|Any CPU.Build.0 = Release|Any CPU
	EndGlobalSection
	GlobalSection(SolutionProperties) = preSolution
		HideSolutionNode = FALSE
	EndGlobalSection
	GlobalSection(ExtensibilityGlobals) = postSolution
		SolutionGuid = {F5C1D378-BDFB-42F3-8892-8236C0136FE6}
	EndGlobalSection
EndGlobal
